
Microsoft Visual Studio Solution File, Format Version 12.00
# Visual Studio Version 17
VisualStudioVersion = 17.4.33213.308
MinimumVisualStudioVersion = 10.0.40219.1
Project("{FAE04EC0-301F-11D3-BF4B-00C04F79EFBC}") = "RecipeAppPart2", "RecipeAppPart2\RecipeAppPart2.csproj", "{A046641E-DD17-4B4A-909D-32DB350AB59F}"
EndProject
Global
	GlobalSection(SolutionConfigurationPlatforms) = preSolution
		Debug|Any CPU = Debug|Any CPU
		Release|Any CPU = Release|Any CPU
	EndGlobalSection
	GlobalSection(ProjectConfigurationPlatforms) = postSolution
		{A046641E-DD17-4B4A-909D-32DB350AB59F}.Debug|Any CPU.ActiveCfg = Debug|Any CPU
		{A046641E-DD17-4B4A-909D-32DB350AB59F}.Debug|Any CPU.Build.0 = Debug|Any CPU
		{A046641E-DD17-4B4A-909D-32DB350AB59F}.Release|Any CPU.ActiveCfg = Release|Any CPU
		{A046641E-DD17-4B4A-909D-32DB350AB59F}.Release|Any CPU.Build.0 = Release|Any CPU
	EndGlobalSection
	GlobalSection(SolutionProperties) = preSolution
		HideSolutionNode = FALSE
	EndGlobalSection
	GlobalSection(ExtensibilityGlobals) = postSolution
		SolutionGuid = {141C0B3F-05D7-4F9F-9371-7B06C1F3F5F9}
	EndGlobalSection
EndGlobal
